
Microsoft Visual Studio Solution File, Format Version 12.00
# Visual Studio Version 17
VisualStudioVersion = 17.9.34902.65
MinimumVisualStudioVersion = 10.0.40219.1
Project("{8BC9CEB8-8B4A-11D0-8D11-00A0C91BC942}") = "Module3ExampleB", "Module3ExampleB\Module3ExampleB.vcxproj", "{3F5CF276-E895-4F5C-BB32-5F503D956013}"
EndProject
Global
	GlobalSection(SolutionConfigurationPlatforms) = preSolution
		Debug|x64 = Debug|x64
		Debug|x86 = Debug|x86
		Release|x64 = Release|x64
		Release|x86 = Release|x86
	EndGlobalSection
	GlobalSection(ProjectConfigurationPlatforms) = postSolution
		{3F5CF276-E895-4F5C-BB32-5F503D956013}.Debug|x64.ActiveCfg = Debug|x64
		{3F5CF276-E895-4F5C-BB32-5F503D956013}.Debug|x64.Build.0 = Debug|x64
		{3F5CF276-E895-4F5C-BB32-5F503D956013}.Debug|x86.ActiveCfg = Debug|Win32
		{3F5CF276-E895-4F5C-BB32-5F503D956013}.Debug|x86.Build.0 = Debug|Win32
		{3F5CF276-E895-4F5C-BB32-5F503D956013}.Release|x64.ActiveCfg = Release|x64
		{3F5CF276-E895-4F5C-BB32-5F503D956013}.Release|x64.Build.0 = Release|x64
		{3F5CF276-E895-4F5C-BB32-5F503D956013}.Release|x86.ActiveCfg = Release|Win32
		{3F5CF276-E895-4F5C-BB32-5F503D956013}.Release|x86.Build.0 = Release|Win32
	EndGlobalSection
	GlobalSection(SolutionProperties) = preSolution
		HideSolutionNode = FALSE
	EndGlobalSection
	GlobalSection(ExtensibilityGlobals) = postSolution
		SolutionGuid = {33EA4090-14ED-40AB-A737-7B88F60BFAC9}
	EndGlobalSection
EndGlobal
